// !$*UTF8*$!
{
	archiveVersion = 1;
	classes = {
	};
	objectVersion = 50;
	objects = {

/* Begin PBXBuildFile section */
		84D0B7F521F8E546005CBB7A /* AppDelegate.swift in Sources */ = {isa = PBXBuildFile; fileRef = 84D0B7F421F8E546005CBB7A /* AppDelegate.swift */; };
		84D0B7F721F8E546005CBB7A /* ViewController.swift in Sources */ = {isa = PBXBuildFile; fileRef = 84D0B7F621F8E546005CBB7A /* ViewController.swift */; };
		84D0B7FA21F8E546005CBB7A /* Main.storyboard in Resources */ = {isa = PBXBuildFile; fileRef = 84D0B7F821F8E546005CBB7A /* Main.storyboard */; };
		84D0B7FC21F8E549005CBB7A /* Assets.xcassets in Resources */ = {isa = PBXBuildFile; fileRef = 84D0B7FB21F8E549005CBB7A /* Assets.xcassets */; };
		84D0B7FF21F8E549005CBB7A /* LaunchScreen.storyboard in Resources */ = {isa = PBXBuildFile; fileRef = 84D0B7FD21F8E549005CBB7A /* LaunchScreen.storyboard */; };
		DEE42B29506AFDC9C6BF0B89 /* Pods_AutoLayoutTraining.framework in Frameworks */ = {isa = PBXBuildFile; fileRef = 8983FBF58E8008B9D35613FF /* Pods_AutoLayoutTraining.framework */; };
/* End PBXBuildFile section */

/* Begin PBXFileReference section */
		0FF964234EA9EAECB7345070 /* Pods-AutoLayoutTraining.debug.xcconfig */ = {isa = PBXFileReference; includeInIndex = 1; lastKnownFileType = text.xcconfig; name = "Pods-AutoLayoutTraining.debug.xcconfig"; path = "Pods/Target Support Files/Pods-AutoLayoutTraining/Pods-AutoLayoutTraining.debug.xcconfig"; sourceTree = "<group>"; };
		84D0B7F121F8E546005CBB7A /* AutoLayoutTraining.app */ = {isa = PBXFileReference; explicitFileType = wrapper.application; includeInIndex = 0; path = AutoLayoutTraining.app; sourceTree = BUILT_PRODUCTS_DIR; };
		84D0B7F421F8E546005CBB7A /* AppDelegate.swift */ = {isa = PBXFileReference; lastKnownFileType = sourcecode.swift; path = AppDelegate.swift; sourceTree = "<group>"; };
		84D0B7F621F8E546005CBB7A /* ViewController.swift */ = {isa = PBXFileReference; lastKnownFileType = sourcecode.swift; path = ViewController.swift; sourceTree = "<group>"; };
		84D0B7F921F8E546005CBB7A /* Base */ = {isa = PBXFileReference; lastKnownFileType = file.storyboard; name = Base; path = Base.lproj/Main.storyboard; sourceTree = "<group>"; };
		84D0B7FB21F8E549005CBB7A /* Assets.xcassets */ = {isa = PBXFileReference; lastKnownFileType = folder.assetcatalog; path = Assets.xcassets; sourceTree = "<group>"; };
		84D0B7FE21F8E549005CBB7A /* Base */ = {isa = PBXFileReference; lastKnownFileType = file.storyboard; name = Base; path = Base.lproj/LaunchScreen.storyboard; sourceTree = "<group>"; };
		84D0B80021F8E549005CBB7A /* Info.plist */ = {isa = PBXFileReference; lastKnownFileType = text.plist.xml; path = Info.plist; sourceTree = "<group>"; };
		8983FBF58E8008B9D35613FF /* Pods_AutoLayoutTraining.framework */ = {isa = PBXFileReference; explicitFileType = wrapper.framework; includeInIndex = 0; path = Pods_AutoLayoutTraining.framework; sourceTree = BUILT_PRODUCTS_DIR; };
		A3BEC8E721886626A2A6BB74 /* Pods-AutoLayoutTraining.release.xcconfig */ = {isa = PBXFileReference; includeInIndex = 1; lastKnownFileType = text.xcconfig; name = "Pods-AutoLayoutTraining.release.xcconfig"; path = "Pods/Target Support Files/Pods-AutoLayoutTraining/Pods-AutoLayoutTraining.release.xcconfig"; sourceTree = "<group>"; };
/* End PBXFileReference section */

/* Begin PBXFrameworksBuildPhase section */
		84D0B7EE21F8E546005CBB7A /* Frameworks */ = {
			isa = PBXFrameworksBuildPhase;
			buildActionMask = 2147483647;
			files = (
				DEE42B29506AFDC9C6BF0B89 /* Pods_AutoLayoutTraining.framework in Frameworks */,
			);
			runOnlyForDeploymentPostprocessing = 0;
		};
/* End PBXFrameworksBuildPhase section */

/* Begin PBXGroup section */
		7203A3291F9203CED12C00CA /* Pods */ = {
			isa = PBXGroup;
			children = (
				0FF964234EA9EAECB7345070 /* Pods-AutoLayoutTraining.debug.xcconfig */,
				A3BEC8E721886626A2A6BB74 /* Pods-AutoLayoutTraining.release.xcconfig */,
			);
			name = Pods;
			sourceTree = "<group>";
		};
		84D0B7E821F8E546005CBB7A = {
			isa = PBXGroup;
			children = (
				84D0B7F321F8E546005CBB7A /* AutoLayoutTraining */,
				84D0B7F221F8E546005CBB7A /* Products */,
				7203A3291F9203CED12C00CA /* Pods */,
				84D3A5FCAEE4963CCA7385F5 /* Frameworks */,
			);
			sourceTree = "<group>";
		};
		84D0B7F221F8E546005CBB7A /* Products */ = {
			isa = PBXGroup;
			children = (
				84D0B7F121F8E546005CBB7A /* AutoLayoutTraining.app */,
			);
			name = Products;
			sourceTree = "<group>";
		};
		84D0B7F321F8E546005CBB7A /* AutoLayoutTraining */ = {
			isa = PBXGroup;
			children = (
				84D0B7F421F8E546005CBB7A /* AppDelegate.swift */,
				84D0B7F621F8E546005CBB7A /* ViewController.swift */,
				84D0B7F821F8E546005CBB7A /* Main.storyboard */,
				84D0B7FB21F8E549005CBB7A /* Assets.xcassets */,
				84D0B7FD21F8E549005CBB7A /* LaunchScreen.storyboard */,
				84D0B80021F8E549005CBB7A /* Info.plist */,
			);
			path = AutoLayoutTraining;
			sourceTree = "<group>";
		};
		84D3A5FCAEE4963CCA7385F5 /* Frameworks */ = {
			isa = PBXGroup;
			children = (
				8983FBF58E8008B9D35613FF /* Pods_AutoLayoutTraining.framework */,
			);
			name = Frameworks;
			sourceTree = "<group>";
		};
/* End PBXGroup section */

/* Begin PBXNativeTarget section */
		84D0B7F021F8E546005CBB7A /* AutoLayoutTraining */ = {
			isa = PBXNativeTarget;
			buildConfigurationList = 84D0B80321F8E549005CBB7A /* Build configuration list for PBXNativeTarget "AutoLayoutTraining" */;
			buildPhases = (
				A9C3B657CD8C23BDA0A84F68 /* [CP] Check Pods Manifest.lock */,
				84D0B7ED21F8E546005CBB7A /* Sources */,
				84D0B7EE21F8E546005CBB7A /* Frameworks */,
				84D0B7EF21F8E546005CBB7A /* Resources */,
				F1DD9740C71BE361D4552A04 /* [CP] Embed Pods Frameworks */,
			);
			buildRules = (
			);
			dependencies = (
			);
			name = AutoLayoutTraining;
			productName = AutoLayoutTraining;
			productReference = 84D0B7F121F8E546005CBB7A /* AutoLayoutTraining.app */;
			productType = "com.apple.product-type.application";
		};
/* End PBXNativeTarget section */

/* Begin PBXProject section */
		84D0B7E921F8E546005CBB7A /* Project object */ = {
			isa = PBXProject;
			attributes = {
				LastSwiftUpdateCheck = 1010;
				LastUpgradeCheck = 1010;
				ORGANIZATIONNAME = "Alperen Ünal";
				TargetAttributes = {
					84D0B7F021F8E546005CBB7A = {
						CreatedOnToolsVersion = 10.1;
					};
				};
			};
			buildConfigurationList = 84D0B7EC21F8E546005CBB7A /* Build configuration list for PBXProject "AutoLayoutTraining" */;
			compatibilityVersion = "Xcode 9.3";
			developmentRegion = en;
			hasScannedForEncodings = 0;
			knownRegions = (
				en,
				Base,
			);
			mainGroup = 84D0B7E821F8E546005CBB7A;
			productRefGroup = 84D0B7F221F8E546005CBB7A /* Products */;
			projectDirPath = "";
			projectRoot = "";
			targets = (
				84D0B7F021F8E546005CBB7A /* AutoLayoutTraining */,
			);
		};
/* End PBXProject section */

/* Begin PBXResourcesBuildPhase section */
		84D0B7EF21F8E546005CBB7A /* Resources */ = {
			isa = PBXResourcesBuildPhase;
			buildActionMask = 2147483647;
			files = (
				84D0B7FF21F8E549005CBB7A /* LaunchScreen.storyboard in Resources */,
				84D0B7FC21F8E549005CBB7A /* Assets.xcassets in Resources */,
				84D0B7FA21F8E546005CBB7A /* Main.storyboard in Resources */,
			);
			runOnlyForDeploymentPostprocessing = 0;
		};
/* End PBXResourcesBuildPhase section */

/* Begin PBXShellScriptBuildPhase section */
		A9C3B657CD8C23BDA0A84F68 /* [CP] Check Pods Manifest.lock */ = {
			isa = PBXShellScriptBuildPhase;
			buildActionMask = 2147483647;
			files = (
			);
			inputFileListPaths = (
			);
			inputPaths = (
				"${PODS_PODFILE_DIR_PATH}/Podfile.lock",
				"${PODS_ROOT}/Manifest.lock",
			);
			name = "[CP] Check Pods Manifest.lock";
			outputFileListPaths = (
			);
			outputPaths = (
				"$(DERIVED_FILE_DIR)/Pods-AutoLayoutTraining-checkManifestLockResult.txt",
			);
			runOnlyForDeploymentPostprocessing = 0;
			shellPath = /bin/sh;
			shellScript = "diff \"${PODS_PODFILE_DIR_PATH}/Podfile.lock\" \"${PODS_ROOT}/Manifest.lock\" > /dev/null\nif [ $? != 0 ] ; then\n    # print error to STDERR\n    echo \"error: The sandbox is not in sync with the Podfile.lock. Run 'pod install' or update your CocoaPods installation.\" >&2\n    exit 1\nfi\n# This output is used by Xcode 'outputs' to avoid re-running this script phase.\necho \"SUCCESS\" > \"${SCRIPT_OUTPUT_FILE_0}\"\n";
			showEnvVarsInLog = 0;
		};
		F1DD9740C71BE361D4552A04 /* [CP] Embed Pods Frameworks */ = {
			isa = PBXShellScriptBuildPhase;
			buildActionMask = 2147483647;
			files = (
			);
			inputFileListPaths = (
			);
			inputPaths = (
				"${SRCROOT}/Pods/Target Support Files/Pods-AutoLayoutTraining/Pods-AutoLayoutTraining-frameworks.sh",
				"${BUILT_PRODUCTS_DIR}/SnapKit/SnapKit.framework",
			);
			name = "[CP] Embed Pods Frameworks";
			outputFileListPaths = (
			);
			outputPaths = (
				"${TARGET_BUILD_DIR}/${FRAMEWORKS_FOLDER_PATH}/SnapKit.framework",
			);
			runOnlyForDeploymentPostprocessing = 0;
			shellPath = /bin/sh;
			shellScript = "\"${SRCROOT}/Pods/Target Support Files/Pods-AutoLayoutTraining/Pods-AutoLayoutTraining-frameworks.sh\"\n";
			showEnvVarsInLog = 0;
		};
/* End PBXShellScriptBuildPhase section */

/* Begin PBXSourcesBuildPhase section */
		84D0B7ED21F8E546005CBB7A /* Sources */ = {
			isa = PBXSourcesBuildPhase;
			buildActionMask = 2147483647;
			files = (
				84D0B7F721F8E546005CBB7A /* ViewController.swift in Sources */,
				84D0B7F521F8E546005CBB7A /* AppDelegate.swift in Sources */,
			);
			runOnlyForDeploymentPostprocessing = 0;
		};
/* End PBXSourcesBuildPhase section */

/* Begin PBXVariantGroup section */
		84D0B7F821F8E546005CBB7A /* Main.storyboard */ = {
			isa = PBXVariantGroup;
			children = (
				84D0B7F921F8E546005CBB7A /* Base */,
			);
			name = Main.storyboard;
			sourceTree = "<group>";
		};
		84D0B7FD21F8E549005CBB7A /* LaunchScreen.storyboard */ = {
			isa = PBXVariantGroup;
			children = (
				84D0B7FE21F8E549005CBB7A /* Base */,
			);
			name = LaunchScreen.storyboard;
			sourceTree = "<group>";
		};
/* End PBXVariantGroup section */

/* Begin XCBuildConfiguration section */
		84D0B80121F8E549005CBB7A /* Debug */ = {
			isa = XCBuildConfiguration;
			buildSettings = {
				ALWAYS_SEARCH_USER_PATHS = NO;
				CLANG_ANALYZER_NONNULL = YES;
				CLANG_ANALYZER_NUMBER_OBJECT_CONVERSION = YES_AGGRESSIVE;
				CLANG_CXX_LANGUAGE_STANDARD = "gnu++14";
				CLANG_CXX_LIBRARY = "libc++";
				CLANG_ENABLE_MODULES = YES;
				CLANG_ENABLE_OBJC_ARC = YES;
				CLANG_ENABLE_OBJC_WEAK = YES;
				CLANG_WARN_BLOCK_CAPTURE_AUTORELEASING = YES;
				CLANG_WARN_BOOL_CONVERSION = YES;
				CLANG_WARN_COMMA = YES;
				CLANG_WARN_CONSTANT_CONVERSION = YES;
				CLANG_WARN_DEPRECATED_OBJC_IMPLEMENTATIONS = YES;
				CLANG_WARN_DIRECT_OBJC_ISA_USAGE = YES_ERROR;
				CLANG_WARN_DOCUMENTATION_COMMENTS = YES;
				CLANG_WARN_EMPTY_BODY = YES;
				CLANG_WARN_ENUM_CONVERSION = YES;
				CLANG_WARN_INFINITE_RECURSION = YES;
				CLANG_WARN_INT_CONVERSION = YES;
				CLANG_WARN_NON_LITERAL_NULL_CONVERSION = YES;
				CLANG_WARN_OBJC_IMPLICIT_RETAIN_SELF = YES;
				CLANG_WARN_OBJC_LITERAL_CONVERSION = YES;
				CLANG_WARN_OBJC_ROOT_CLASS = YES_ERROR;
				CLANG_WARN_RANGE_LOOP_ANALYSIS = YES;
				CLANG_WARN_STRICT_PROTOTYPES = YES;
				CLANG_WARN_SUSPICIOUS_MOVE = YES;
				CLANG_WARN_UNGUARDED_AVAILABILITY = YES_AGGRESSIVE;
				CLANG_WARN_UNREACHABLE_CODE = YES;
				CLANG_WARN__DUPLICATE_METHOD_MATCH = YES;
				CODE_SIGN_IDENTITY = "iPhone Developer";
				COPY_PHASE_STRIP = NO;
				DEBUG_INFORMATION_FORMAT = dwarf;
				ENABLE_STRICT_OBJC_MSGSEND = YES;
				ENABLE_TESTABILITY = YES;
				GCC_C_LANGUAGE_STANDARD = gnu11;
				GCC_DYNAMIC_NO_PIC = NO;
				GCC_NO_COMMON_BLOCKS = YES;
				GCC_OPTIMIZATION_LEVEL = 0;
				GCC_PREPROCESSOR_DEFINITIONS = (
					"DEBUG=1",
					"$(inherited)",
				);
				GCC_WARN_64_TO_32_BIT_CONVERSION = YES;
				GCC_WARN_ABOUT_RETURN_TYPE = YES_ERROR;
				GCC_WARN_UNDECLARED_SELECTOR = YES;
				GCC_WARN_UNINITIALIZED_AUTOS = YES_AGGRESSIVE;
				GCC_WARN_UNUSED_FUNCTION = YES;
				GCC_WARN_UNUSED_VARIABLE = YES;
				IPHONEOS_DEPLOYMENT_TARGET = 12.1;
				MTL_ENABLE_DEBUG_INFO = INCLUDE_SOURCE;
				MTL_FAST_MATH = YES;
				ONLY_ACTIVE_ARCH = YES;
				SDKROOT = iphoneos;
				SWIFT_ACTIVE_COMPILATION_CONDITIONS = DEBUG;
				SWIFT_OPTIMIZATION_LEVEL = "-Onone";
			};
			name = Debug;
		};
		84D0B80221F8E549005CBB7A /* Release */ = {
			isa = XCBuildConfiguration;
			buildSettings = {
				ALWAYS_SEARCH_USER_PATHS = NO;
				CLANG_ANALYZER_NONNULL = YES;
				CLANG_ANALYZER_NUMBER_OBJECT_CONVERSION = YES_AGGRESSIVE;
				CLANG_CXX_LANGUAGE_STANDARD = "gnu++14";
				CLANG_CXX_LIBRARY = "libc++";
				CLANG_ENABLE_MODULES = YES;
				CLANG_ENABLE_OBJC_ARC = YES;
				CLANG_ENABLE_OBJC_WEAK = YES;
				CLANG_WARN_BLOCK_CAPTURE_AUTORELEASING = YES;
				CLANG_WARN_BOOL_CONVERSION = YES;
				CLANG_WARN_COMMA = YES;
				CLANG_WARN_CONSTANT_CONVERSION = YES;
				CLANG_WARN_DEPRECATED_OBJC_IMPLEMENTATIONS = YES;
				CLANG_WARN_DIRECT_OBJC_ISA_USAGE = YES_ERROR;
				CLANG_WARN_DOCUMENTATION_COMMENTS = YES;
				CLANG_WARN_EMPTY_BODY = YES;
				CLANG_WARN_ENUM_CONVERSION = YES;
				CLANG_WARN_INFINITE_RECURSION = YES;
				CLANG_WARN_INT_CONVERSION = YES;
				CLANG_WARN_NON_LITERAL_NULL_CONVERSION = YES;
				CLANG_WARN_OBJC_IMPLICIT_RETAIN_SELF = YES;
				CLANG_WARN_OBJC_LITERAL_CONVERSION = YES;
				CLANG_WARN_OBJC_ROOT_CLASS = YES_ERROR;
				CLANG_WARN_RANGE_LOOP_ANALYSIS = YES;
				CLANG_WARN_STRICT_PROTOTYPES = YES;
				CLANG_WARN_SUSPICIOUS_MOVE = YES;
				CLANG_WARN_UNGUARDED_AVAILABILITY = YES_AGGRESSIVE;
				CLANG_WARN_UNREACHABLE_CODE = YES;
				CLANG_WARN__DUPLICATE_METHOD_MATCH = YES;
				CODE_SIGN_IDENTITY = "iPhone Developer";
				COPY_PHASE_STRIP = NO;
				DEBUG_INFORMATION_FORMAT = "dwarf-with-dsym";
				ENABLE_NS_ASSERTIONS = NO;
				ENABLE_STRICT_OBJC_MSGSEND = YES;
				GCC_C_LANGUAGE_STANDARD = gnu11;
				GCC_NO_COMMON_BLOCKS = YES;
				GCC_WARN_64_TO_32_BIT_CONVERSION = YES;
				GCC_WARN_ABOUT_RETURN_TYPE = YES_ERROR;
				GCC_WARN_UNDECLARED_SELECTOR = YES;
				GCC_WARN_UNINITIALIZED_AUTOS = YES_AGGRESSIVE;
				GCC_WARN_UNUSED_FUNCTION = YES;
				GCC_WARN_UNUSED_VARIABLE = YES;
				IPHONEOS_DEPLOYMENT_TARGET = 12.1;
				MTL_ENABLE_DEBUG_INFO = NO;
				MTL_FAST_MATH = YES;
				SDKROOT = iphoneos;
				SWIFT_COMPILATION_MODE = wholemodule;
				SWIFT_OPTIMIZATION_LEVEL = "-O";
				VALIDATE_PRODUCT = YES;
			};
			name = Release;
		};
		84D0B80421F8E549005CBB7A /* Debug */ = {
			isa = XCBuildConfiguration;
			baseConfigurationReference = 0FF964234EA9EAECB7345070 /* Pods-AutoLayoutTraining.debug.xcconfig */;
			buildSettings = {
				ASSETCATALOG_COMPILER_APPICON_NAME = AppIcon;
				CODE_SIGN_STYLE = Automatic;
				DEVELOPMENT_TEAM = MTMVBPSRA5;
				INFOPLIST_FILE = AutoLayoutTraining/Info.plist;
				LD_RUNPATH_SEARCH_PATHS = (
					"$(inherited)",
					"@executable_path/Frameworks",
				);
				PRODUCT_BUNDLE_IDENTIFIER = com.alperenunal.AutoLayoutTraining;
				PRODUCT_NAME = "$(TARGET_NAME)";
				SWIFT_VERSION = 4.2;
				TARGETED_DEVICE_FAMILY = "1,2";
			};
			name = Debug;
		};
		84D0B80521F8E549005CBB7A /* Release */ = {
			isa = XCBuildConfiguration;
			baseConfigurationReference = A3BEC8E721886626A2A6BB74 /* Pods-AutoLayoutTraining.release.xcconfig */;
			buildSettings = {
				ASSETCATALOG_COMPILER_APPICON_NAME = AppIcon;
				CODE_SIGN_STYLE = Automatic;
				DEVELOPMENT_TEAM = MTMVBPSRA5;
				INFOPLIST_FILE = AutoLayoutTraining/Info.plist;
				LD_RUNPATH_SEARCH_PATHS = (
					"$(inherited)",
					"@executable_path/Frameworks",
				);
				PRODUCT_BUNDLE_IDENTIFIER = com.alperenunal.AutoLayoutTraining;
				PRODUCT_NAME = "$(TARGET_NAME)";
				SWIFT_VERSION = 4.2;
				TARGETED_DEVICE_FAMILY = "1,2";
			};
			name = Release;
		};
/* End XCBuildConfiguration section */

/* Begin XCConfigurationList section */
		84D0B7EC21F8E546005CBB7A /* Build configuration list for PBXProject "AutoLayoutTraining" */ = {
			isa = XCConfigurationList;
			buildConfigurations = (
				84D0B80121F8E549005CBB7A /* Debug */,
				84D0B80221F8E549005CBB7A /* Release */,
			);
			defaultConfigurationIsVisible = 0;
			defaultConfigurationName = Release;
		};
		84D0B80321F8E549005CBB7A /* Build configuration list for PBXNativeTarget "AutoLayoutTraining" */ = {
			isa = XCConfigurationList;
			buildConfigurations = (
				84D0B80421F8E549005CBB7A /* Debug */,
				84D0B80521F8E549005CBB7A /* Release */,
			);
			defaultConfigurationIsVisible = 0;
			defaultConfigurationName = Release;
		};
/* End XCConfigurationList section */
	};
	rootObject = 84D0B7E921F8E546005CBB7A /* Project object */;
}
